
Microsoft Visual Studio Solution File, Format Version 12.00
# Visual Studio Version 17
VisualStudioVersion = 17.9.34902.65
MinimumVisualStudioVersion = 10.0.40219.1
Project("{FAE04EC0-301F-11D3-BF4B-00C04F79EFBC}") = "SpDynamicLRApp", "SpDynamicLRApp\SpDynamicLRApp.csproj", "{7FA73C49-73E4-4714-909E-F36AA605BA7C}"
EndProject
Global
	GlobalSection(SolutionConfigurationPlatforms) = preSolution
		Debug|Any CPU = Debug|Any CPU
		Release|Any CPU = Release|Any CPU
	EndGlobalSection
	GlobalSection(ProjectConfigurationPlatforms) = postSolution
		{7FA73C49-73E4-4714-909E-F36AA605BA7C}.Debug|Any CPU.ActiveCfg = Debug|Any CPU
		{7FA73C49-73E4-4714-909E-F36AA605BA7C}.Debug|Any CPU.Build.0 = Debug|Any CPU
		{7FA73C49-73E4-4714-909E-F36AA605BA7C}.Release|Any CPU.ActiveCfg = Release|Any CPU
		{7FA73C49-73E4-4714-909E-F36AA605BA7C}.Release|Any CPU.Build.0 = Release|Any CPU
	EndGlobalSection
	GlobalSection(SolutionProperties) = preSolution
		HideSolutionNode = FALSE
	EndGlobalSection
	GlobalSection(ExtensibilityGlobals) = postSolution
		SolutionGuid = {548989B9-32B2-4764-A858-D74443491C32}
	EndGlobalSection
EndGlobal
